
Microsoft Visual Studio Solution File, Format Version 12.00
# Visual Studio Version 17
VisualStudioVersion = 17.4.33205.214
MinimumVisualStudioVersion = 10.0.40219.1
Project("{FAE04EC0-301F-11D3-BF4B-00C04F79EFBC}") = "WindowsFormsTest", "WindowsFormsTest.csproj", "{5FDB7964-3958-47A0-9939-024053E7135A}"
EndProject
Global
	GlobalSection(SolutionConfigurationPlatforms) = preSolution
		Debug|Any CPU = Debug|Any CPU
		Release|Any CPU = Release|Any CPU
	EndGlobalSection
	GlobalSection(ProjectConfigurationPlatforms) = postSolution
		{5FDB7964-3958-47A0-9939-024053E7135A}.Debug|Any CPU.ActiveCfg = Debug|Any CPU
		{5FDB7964-3958-47A0-9939-024053E7135A}.Debug|Any CPU.Build.0 = Debug|Any CPU
		{5FDB7964-3958-47A0-9939-024053E7135A}.Release|Any CPU.ActiveCfg = Release|Any CPU
		{5FDB7964-3958-47A0-9939-024053E7135A}.Release|Any CPU.Build.0 = Release|Any CPU
	EndGlobalSection
	GlobalSection(SolutionProperties) = preSolution
		HideSolutionNode = FALSE
	EndGlobalSection
	GlobalSection(ExtensibilityGlobals) = postSolution
		SolutionGuid = {41CC8176-5B8D-48B3-9F5C-3330969EC119}
	EndGlobalSection
EndGlobal
